
Microsoft Visual Studio Solution File, Format Version 12.00
# Visual Studio Version 17
VisualStudioVersion = 17.11.35312.102
MinimumVisualStudioVersion = 10.0.40219.1
Project("{FAE04EC0-301F-11D3-BF4B-00C04F79EFBC}") = "Booky.API", "Booky.API\Booky.API.csproj", "{FBAE73EA-01C6-49E7-920F-1E29AE61F4D2}"
EndProject
Project("{FAE04EC0-301F-11D3-BF4B-00C04F79EFBC}") = "Booky.Domain", "Booky.Domain\Booky.Domain.csproj", "{EEF943D5-4D69-4031-A84B-15927A7BA202}"
EndProject
Project("{FAE04EC0-301F-11D3-BF4B-00C04F79EFBC}") = "Booky.Service", "Booky.Service\Booky.Service.csproj", "{65CD0458-E7D0-4FFC-BEB7-7EF9582E9101}"
EndProject
Project("{FAE04EC0-301F-11D3-BF4B-00C04F79EFBC}") = "Booky.DataAccess", "Booky.DataAccess\Booky.DataAccess.csproj", "{2F12BFFB-A71D-4525-A1AF-7243E0D69A35}"
EndProject
Global
	GlobalSection(SolutionConfigurationPlatforms) = preSolution
		Debug|Any CPU = Debug|Any CPU
		Release|Any CPU = Release|Any CPU
	EndGlobalSection
	GlobalSection(ProjectConfigurationPlatforms) = postSolution
		{FBAE73EA-01C6-49E7-920F-1E29AE61F4D2}.Debug|Any CPU.ActiveCfg = Debug|Any CPU
		{FBAE73EA-01C6-49E7-920F-1E29AE61F4D2}.Debug|Any CPU.Build.0 = Debug|Any CPU
		{FBAE73EA-01C6-49E7-920F-1E29AE61F4D2}.Release|Any CPU.ActiveCfg = Release|Any CPU
		{FBAE73EA-01C6-49E7-920F-1E29AE61F4D2}.Release|Any CPU.Build.0 = Release|Any CPU
		{EEF943D5-4D69-4031-A84B-15927A7BA202}.Debug|Any CPU.ActiveCfg = Debug|Any CPU
		{EEF943D5-4D69-4031-A84B-15927A7BA202}.Debug|Any CPU.Build.0 = Debug|Any CPU
		{EEF943D5-4D69-4031-A84B-15927A7BA202}.Release|Any CPU.ActiveCfg = Release|Any CPU
		{EEF943D5-4D69-4031-A84B-15927A7BA202}.Release|Any CPU.Build.0 = Release|Any CPU
		{65CD0458-E7D0-4FFC-BEB7-7EF9582E9101}.Debug|Any CPU.ActiveCfg = Debug|Any CPU
		{65CD0458-E7D0-4FFC-BEB7-7EF9582E9101}.Debug|Any CPU.Build.0 = Debug|Any CPU
		{65CD0458-E7D0-4FFC-BEB7-7EF9582E9101}.Release|Any CPU.ActiveCfg = Release|Any CPU
		{65CD0458-E7D0-4FFC-BEB7-7EF9582E9101}.Release|Any CPU.Build.0 = Release|Any CPU
		{2F12BFFB-A71D-4525-A1AF-7243E0D69A35}.Debug|Any CPU.ActiveCfg = Debug|Any CPU
		{2F12BFFB-A71D-4525-A1AF-7243E0D69A35}.Debug|Any CPU.Build.0 = Debug|Any CPU
		{2F12BFFB-A71D-4525-A1AF-7243E0D69A35}.Release|Any CPU.ActiveCfg = Release|Any CPU
		{2F12BFFB-A71D-4525-A1AF-7243E0D69A35}.Release|Any CPU.Build.0 = Release|Any CPU
	EndGlobalSection
	GlobalSection(SolutionProperties) = preSolution
		HideSolutionNode = FALSE
	EndGlobalSection
	GlobalSection(ExtensibilityGlobals) = postSolution
		SolutionGuid = {BC9138F4-25E8-4131-8F1C-7CD6B9380A1B}
	EndGlobalSection
EndGlobal
